
Microsoft Visual Studio Solution File, Format Version 12.00
# Visual Studio Version 17
VisualStudioVersion = 17.4.33205.214
MinimumVisualStudioVersion = 10.0.40219.1
Project("{FAE04EC0-301F-11D3-BF4B-00C04F79EFBC}") = "Program_Expense", "Program_Expense\Program_Expense.csproj", "{43E1A57D-1EB5-404A-8A75-4BF1475D5501}"
EndProject
Global
	GlobalSection(SolutionConfigurationPlatforms) = preSolution
		Debug|Any CPU = Debug|Any CPU
		Release|Any CPU = Release|Any CPU
	EndGlobalSection
	GlobalSection(ProjectConfigurationPlatforms) = postSolution
		{43E1A57D-1EB5-404A-8A75-4BF1475D5501}.Debug|Any CPU.ActiveCfg = Debug|Any CPU
		{43E1A57D-1EB5-404A-8A75-4BF1475D5501}.Debug|Any CPU.Build.0 = Debug|Any CPU
		{43E1A57D-1EB5-404A-8A75-4BF1475D5501}.Release|Any CPU.ActiveCfg = Release|Any CPU
		{43E1A57D-1EB5-404A-8A75-4BF1475D5501}.Release|Any CPU.Build.0 = Release|Any CPU
	EndGlobalSection
	GlobalSection(SolutionProperties) = preSolution
		HideSolutionNode = FALSE
	EndGlobalSection
	GlobalSection(ExtensibilityGlobals) = postSolution
		SolutionGuid = {8EB5FD8D-D20E-4983-833A-FF432E0E8896}
	EndGlobalSection
EndGlobal
